
Microsoft Visual Studio Solution File, Format Version 12.00
# Visual Studio Version 16
VisualStudioVersion = 16.0.30404.54
MinimumVisualStudioVersion = 10.0.40219.1
Project("{FAE04EC0-301F-11D3-BF4B-00C04F79EFBC}") = "CmdApi", "CmdApi\CmdApi.csproj", "{9C76AFF0-5E9A-4F6E-AC4A-D2F11479A567}"
EndProject
Global
	GlobalSection(SolutionConfigurationPlatforms) = preSolution
		Debug|Any CPU = Debug|Any CPU
		Release|Any CPU = Release|Any CPU
	EndGlobalSection
	GlobalSection(ProjectConfigurationPlatforms) = postSolution
		{9C76AFF0-5E9A-4F6E-AC4A-D2F11479A567}.Debug|Any CPU.ActiveCfg = Debug|Any CPU
		{9C76AFF0-5E9A-4F6E-AC4A-D2F11479A567}.Debug|Any CPU.Build.0 = Debug|Any CPU
		{9C76AFF0-5E9A-4F6E-AC4A-D2F11479A567}.Release|Any CPU.ActiveCfg = Release|Any CPU
		{9C76AFF0-5E9A-4F6E-AC4A-D2F11479A567}.Release|Any CPU.Build.0 = Release|Any CPU
	EndGlobalSection
	GlobalSection(SolutionProperties) = preSolution
		HideSolutionNode = FALSE
	EndGlobalSection
	GlobalSection(ExtensibilityGlobals) = postSolution
		SolutionGuid = {63008908-0D5C-496C-B2EB-2921D126EF54}
	EndGlobalSection
EndGlobal
